
Microsoft Visual Studio Solution File, Format Version 12.00
Project("{FAE04EC0-301F-11D3-BF4B-00C04F79EFBC}") = "Uni_case_1", "Uni_case_1\Uni_case_1.csproj", "{F043E074-F560-4342-925C-6D22CA11C587}"
EndProject
Global
	GlobalSection(SolutionConfigurationPlatforms) = preSolution
		Debug|Any CPU = Debug|Any CPU
		Release|Any CPU = Release|Any CPU
	EndGlobalSection
	GlobalSection(ProjectConfigurationPlatforms) = postSolution
		{F043E074-F560-4342-925C-6D22CA11C587}.Debug|Any CPU.ActiveCfg = Debug|Any CPU
		{F043E074-F560-4342-925C-6D22CA11C587}.Debug|Any CPU.Build.0 = Debug|Any CPU
		{F043E074-F560-4342-925C-6D22CA11C587}.Release|Any CPU.ActiveCfg = Release|Any CPU
		{F043E074-F560-4342-925C-6D22CA11C587}.Release|Any CPU.Build.0 = Release|Any CPU
	EndGlobalSection
EndGlobal
